
Microsoft Visual Studio Solution File, Format Version 12.00
# Visual Studio Version 17
VisualStudioVersion = 17.4.33213.308
MinimumVisualStudioVersion = 10.0.40219.1
Project("{FAE04EC0-301F-11D3-BF4B-00C04F79EFBC}") = "L01_2020GL602", "L01_2020GL602\L01_2020GL602.csproj", "{02AD6A65-A574-4521-916F-B1BD99578FE9}"
EndProject
Global
	GlobalSection(SolutionConfigurationPlatforms) = preSolution
		Debug|Any CPU = Debug|Any CPU
		Release|Any CPU = Release|Any CPU
	EndGlobalSection
	GlobalSection(ProjectConfigurationPlatforms) = postSolution
		{02AD6A65-A574-4521-916F-B1BD99578FE9}.Debug|Any CPU.ActiveCfg = Debug|Any CPU
		{02AD6A65-A574-4521-916F-B1BD99578FE9}.Debug|Any CPU.Build.0 = Debug|Any CPU
		{02AD6A65-A574-4521-916F-B1BD99578FE9}.Release|Any CPU.ActiveCfg = Release|Any CPU
		{02AD6A65-A574-4521-916F-B1BD99578FE9}.Release|Any CPU.Build.0 = Release|Any CPU
	EndGlobalSection
	GlobalSection(SolutionProperties) = preSolution
		HideSolutionNode = FALSE
	EndGlobalSection
	GlobalSection(ExtensibilityGlobals) = postSolution
		SolutionGuid = {ED76817C-A725-49E9-9ED8-885CB1C55BD7}
	EndGlobalSection
EndGlobal
